{
  "name": "collider-dev.mix",
  "version": "0.1.0",
  "lockfileVersion": 3,
  "requires": true,
  "packages": {
    "": {
      "name": "collider-dev.mix",
      "version": "0.1.0",
      "license": "Zlib",
      "dependencies": {
        "collider.mix": "git+https://github.com/invider/collider.mix.git",
        "split.js": "^1.6.5"
      }
    },
    "node_modules/collider.mix": {
      "version": "0.1.0",
      "resolved": "git+ssh://git@github.com/invider/collider.mix.git#02bb91b7f8f10383ad3b75a4073f4c664ebcab85",
      "license": "Zlib"
    },
    "node_modules/split.js": {
      "version": "1.6.5",
      "resolved": "https://registry.npmjs.org/split.js/-/split.js-1.6.5.tgz",
      "integrity": "sha512-mPTnGCiS/RiuTNsVhCm9De9cCAUsrNFFviRbADdKiiV+Kk8HKp/0fWu7Kr8pi3/yBmsqLFHuXGT9UUZ+CNLwFw==",
      "license": "MIT"
    }
  }
}
