{
  "name": "collider-dev.mix",
  "version": "0.0.11",
  "lockfileVersion": 2,
  "requires": true,
  "packages": {
    "": {
      "version": "0.0.11",
      "license": "Zlib",
      "dependencies": {
        "collider.mix": "git+https://github.com/invider/collider.mix.git#v0.0.11",
        "monaco-editor": "^0.20.0",
        "monaco-themes": "^0.3.3",
        "split.js": "^1.6.2"
      }
    },
    "node_modules/collider.mix": {
      "version": "0.0.11",
      "resolved": "git+ssh://git@github.com/invider/collider.mix.git#f6caadbffbe9298aaa9878a82a4b4816fb490732",
      "license": "Zlib"
    },
    "node_modules/fast-plist": {
      "version": "0.1.2",
      "resolved": "https://registry.npmjs.org/fast-plist/-/fast-plist-0.1.2.tgz",
      "integrity": "sha1-pFr/NFGWAG1AbKbNzQX2kFHvNbg="
    },
    "node_modules/monaco-editor": {
      "version": "0.20.0",
      "resolved": "https://registry.npmjs.org/monaco-editor/-/monaco-editor-0.20.0.tgz",
      "integrity": "sha512-hkvf4EtPJRMQlPC3UbMoRs0vTAFAYdzFQ+gpMb8A+9znae1c43q8Mab9iVsgTcg/4PNiLGGn3SlDIa8uvK1FIQ=="
    },
    "node_modules/monaco-themes": {
      "version": "0.3.3",
      "resolved": "https://registry.npmjs.org/monaco-themes/-/monaco-themes-0.3.3.tgz",
      "integrity": "sha512-0yygYHg3hZhMhlYkP2eMAMurLSyVDqA7ZOjHJSz0LNxra2hxuAGjKFdoBGXnG+VykT6u8bc5uZWF8G35NMC3Gw==",
      "dependencies": {
        "fast-plist": "^0.1.2"
      }
    },
    "node_modules/split.js": {
      "version": "1.6.4",
      "resolved": "https://registry.npmjs.org/split.js/-/split.js-1.6.4.tgz",
      "integrity": "sha512-kYmQZprRJrF1IOjg/E+gdBEsKFv5kbgUE6RJVJZvrIzTOK/IHzKSqIeiJnWs7IP5D9TnpTQ2CbanuDuIWcyDUQ=="
    }
  },
  "dependencies": {
    "collider.mix": {
      "version": "git+ssh://git@github.com/invider/collider.mix.git#f6caadbffbe9298aaa9878a82a4b4816fb490732",
      "from": "collider.mix@git+https://github.com/invider/collider.mix.git#v0.0.11"
    },
    "fast-plist": {
      "version": "0.1.2",
      "resolved": "https://registry.npmjs.org/fast-plist/-/fast-plist-0.1.2.tgz",
      "integrity": "sha1-pFr/NFGWAG1AbKbNzQX2kFHvNbg="
    },
    "monaco-editor": {
      "version": "0.20.0",
      "resolved": "https://registry.npmjs.org/monaco-editor/-/monaco-editor-0.20.0.tgz",
      "integrity": "sha512-hkvf4EtPJRMQlPC3UbMoRs0vTAFAYdzFQ+gpMb8A+9znae1c43q8Mab9iVsgTcg/4PNiLGGn3SlDIa8uvK1FIQ=="
    },
    "monaco-themes": {
      "version": "0.3.3",
      "resolved": "https://registry.npmjs.org/monaco-themes/-/monaco-themes-0.3.3.tgz",
      "integrity": "sha512-0yygYHg3hZhMhlYkP2eMAMurLSyVDqA7ZOjHJSz0LNxra2hxuAGjKFdoBGXnG+VykT6u8bc5uZWF8G35NMC3Gw==",
      "requires": {
        "fast-plist": "^0.1.2"
      }
    },
    "split.js": {
      "version": "1.6.4",
      "resolved": "https://registry.npmjs.org/split.js/-/split.js-1.6.4.tgz",
      "integrity": "sha512-kYmQZprRJrF1IOjg/E+gdBEsKFv5kbgUE6RJVJZvrIzTOK/IHzKSqIeiJnWs7IP5D9TnpTQ2CbanuDuIWcyDUQ=="
    }
  }
}
