{
  "name": "collider-debug.mix",
  "version": "0.1.2",
  "lockfileVersion": 1,
  "requires": true,
  "dependencies": {
    "collider.mix": {
      "version": "git+https://github.com/invider/collider.mix.git#776c6e73b30a8074cb8262419d98bbdea6396737",
      "from": "git+https://github.com/invider/collider.mix.git"
    }
  }
}
